
Microsoft Visual Studio Solution File, Format Version 12.00
# Visual Studio Version 17
VisualStudioVersion = 17.10.35027.167
MinimumVisualStudioVersion = 10.0.40219.1
Project("{9A19103F-16F7-4668-BE54-9A1E7A4F7556}") = "Presentation", "Presentation\Presentation.csproj", "{E94172AF-C167-47B1-849F-3F34EE0A56BD}"
EndProject
Project("{FAE04EC0-301F-11D3-BF4B-00C04F79EFBC}") = "ApplicationService", "ApplicationService\ApplicationService.csproj", "{65DEE9E9-6307-4AE8-9E26-8E28E8EF6ECE}"
EndProject
Project("{FAE04EC0-301F-11D3-BF4B-00C04F79EFBC}") = "FileManager", "FileManager\FileManager.csproj", "{1F5CF050-8CAD-4537-A749-2FA8F8D17ACF}"
EndProject
Project("{FAE04EC0-301F-11D3-BF4B-00C04F79EFBC}") = "Tests", "Tests\Tests.csproj", "{DC1BB23E-5155-4C25-A9CE-91E9DCCD8D99}"
EndProject
Project("{FAE04EC0-301F-11D3-BF4B-00C04F79EFBC}") = "Presentation.Maui", "..\OpenFileRenamer Maui 9\Presentation.Maui\Presentation.Maui.csproj", "{9A45E83A-8C53-0A18-B90C-C6B3D3E6E9FB}"
EndProject
Project("{FAE04EC0-301F-11D3-BF4B-00C04F79EFBC}") = "Maui.Tests", "..\OpenFileRenamer Maui 9\Maui.Tests\Maui.Tests.csproj", "{BE18E3F6-9DE0-756F-F592-50EB8C1DA9E4}"
EndProject
Global
	GlobalSection(SolutionConfigurationPlatforms) = preSolution
		Debug|Any CPU = Debug|Any CPU
		Release|Any CPU = Release|Any CPU
	EndGlobalSection
	GlobalSection(ProjectConfigurationPlatforms) = postSolution
		{E94172AF-C167-47B1-849F-3F34EE0A56BD}.Debug|Any CPU.ActiveCfg = Debug|Any CPU
		{E94172AF-C167-47B1-849F-3F34EE0A56BD}.Debug|Any CPU.Build.0 = Debug|Any CPU
		{E94172AF-C167-47B1-849F-3F34EE0A56BD}.Release|Any CPU.ActiveCfg = Release|Any CPU
		{E94172AF-C167-47B1-849F-3F34EE0A56BD}.Release|Any CPU.Build.0 = Release|Any CPU
		{65DEE9E9-6307-4AE8-9E26-8E28E8EF6ECE}.Debug|Any CPU.ActiveCfg = Debug|Any CPU
		{65DEE9E9-6307-4AE8-9E26-8E28E8EF6ECE}.Debug|Any CPU.Build.0 = Debug|Any CPU
		{65DEE9E9-6307-4AE8-9E26-8E28E8EF6ECE}.Release|Any CPU.ActiveCfg = Release|Any CPU
		{65DEE9E9-6307-4AE8-9E26-8E28E8EF6ECE}.Release|Any CPU.Build.0 = Release|Any CPU
		{1F5CF050-8CAD-4537-A749-2FA8F8D17ACF}.Debug|Any CPU.ActiveCfg = Debug|Any CPU
		{1F5CF050-8CAD-4537-A749-2FA8F8D17ACF}.Debug|Any CPU.Build.0 = Debug|Any CPU
		{1F5CF050-8CAD-4537-A749-2FA8F8D17ACF}.Release|Any CPU.ActiveCfg = Release|Any CPU
		{1F5CF050-8CAD-4537-A749-2FA8F8D17ACF}.Release|Any CPU.Build.0 = Release|Any CPU
		{DC1BB23E-5155-4C25-A9CE-91E9DCCD8D99}.Debug|Any CPU.ActiveCfg = Debug|Any CPU
		{DC1BB23E-5155-4C25-A9CE-91E9DCCD8D99}.Debug|Any CPU.Build.0 = Debug|Any CPU
		{DC1BB23E-5155-4C25-A9CE-91E9DCCD8D99}.Release|Any CPU.ActiveCfg = Release|Any CPU
		{DC1BB23E-5155-4C25-A9CE-91E9DCCD8D99}.Release|Any CPU.Build.0 = Release|Any CPU
		{9A45E83A-8C53-0A18-B90C-C6B3D3E6E9FB}.Debug|Any CPU.ActiveCfg = Debug|Any CPU
		{9A45E83A-8C53-0A18-B90C-C6B3D3E6E9FB}.Debug|Any CPU.Build.0 = Debug|Any CPU
		{9A45E83A-8C53-0A18-B90C-C6B3D3E6E9FB}.Debug|Any CPU.Deploy.0 = Debug|Any CPU
		{9A45E83A-8C53-0A18-B90C-C6B3D3E6E9FB}.Release|Any CPU.ActiveCfg = Release|Any CPU
		{9A45E83A-8C53-0A18-B90C-C6B3D3E6E9FB}.Release|Any CPU.Build.0 = Release|Any CPU
		{BE18E3F6-9DE0-756F-F592-50EB8C1DA9E4}.Debug|Any CPU.ActiveCfg = Debug|Any CPU
		{BE18E3F6-9DE0-756F-F592-50EB8C1DA9E4}.Debug|Any CPU.Build.0 = Debug|Any CPU
		{BE18E3F6-9DE0-756F-F592-50EB8C1DA9E4}.Release|Any CPU.ActiveCfg = Release|Any CPU
		{BE18E3F6-9DE0-756F-F592-50EB8C1DA9E4}.Release|Any CPU.Build.0 = Release|Any CPU
	EndGlobalSection
	GlobalSection(SolutionProperties) = preSolution
		HideSolutionNode = FALSE
	EndGlobalSection
	GlobalSection(ExtensibilityGlobals) = postSolution
		SolutionGuid = {BDAE0E6C-062E-4FDD-8BFA-9DC059A409EE}
	EndGlobalSection
EndGlobal
