
Microsoft Visual Studio Solution File, Format Version 12.00
# Visual Studio Version 17
VisualStudioVersion = 17.10.35027.167
MinimumVisualStudioVersion = 10.0.40219.1
Project("{FAE04EC0-301F-11D3-BF4B-00C04F79EFBC}") = "free_filerenamer", "winforms_app\free_filerenamer.csproj", "{E94172AF-C167-47B1-849F-3F34EE0A56BD}"
EndProject
Global
	GlobalSection(SolutionConfigurationPlatforms) = preSolution
		Debug|Any CPU = Debug|Any CPU
		Release|Any CPU = Release|Any CPU
	EndGlobalSection
	GlobalSection(ProjectConfigurationPlatforms) = postSolution
		{E94172AF-C167-47B1-849F-3F34EE0A56BD}.Debug|Any CPU.ActiveCfg = Debug|Any CPU
		{E94172AF-C167-47B1-849F-3F34EE0A56BD}.Debug|Any CPU.Build.0 = Debug|Any CPU
		{E94172AF-C167-47B1-849F-3F34EE0A56BD}.Release|Any CPU.ActiveCfg = Release|Any CPU
		{E94172AF-C167-47B1-849F-3F34EE0A56BD}.Release|Any CPU.Build.0 = Release|Any CPU
	EndGlobalSection
	GlobalSection(SolutionProperties) = preSolution
		HideSolutionNode = FALSE
	EndGlobalSection
	GlobalSection(ExtensibilityGlobals) = postSolution
		SolutionGuid = {BDAE0E6C-062E-4FDD-8BFA-9DC059A409EE}
	EndGlobalSection
EndGlobal
